
Microsoft Visual Studio Solution File, Format Version 12.00
# Visual Studio Version 17
VisualStudioVersion = 17.5.002.0
MinimumVisualStudioVersion = 10.0.40219.1
Project("{9A19103F-16F7-4668-BE54-9A1E7A4F7556}") = "Gamma", "Gamma.csproj", "{F1AFD4EA-0BF6-4776-A50D-D29A7AF6F408}"
EndProject
Project("{FAE04EC0-301F-11D3-BF4B-00C04F79EFBC}") = "Gamma.Parsing", "Gamma.Parsing\Gamma.Parsing.csproj", "{0EC31E15-A73C-4BA0-A899-7DEF6D210F10}"
EndProject
Project("{FAE04EC0-301F-11D3-BF4B-00C04F79EFBC}") = "Gamma.Parsing.Javascript", "Gamma.Parsing.Javascript\Gamma.Parsing.Javascript.csproj", "{7E6BFC88-FF75-43CD-B2F4-4E1647A0EFC0}"
EndProject
Project("{FAE04EC0-301F-11D3-BF4B-00C04F79EFBC}") = "Gamma.Parsing.Javascript.Tests", "Gamma.Parsing.Javascript.Tests\Gamma.Parsing.Javascript.Tests.csproj", "{72409C39-5214-4BFC-B3CF-F19735B892C0}"
EndProject
Global
	GlobalSection(SolutionConfigurationPlatforms) = preSolution
		Debug|Any CPU = Debug|Any CPU
		Release|Any CPU = Release|Any CPU
	EndGlobalSection
	GlobalSection(ProjectConfigurationPlatforms) = postSolution
		{F1AFD4EA-0BF6-4776-A50D-D29A7AF6F408}.Debug|Any CPU.ActiveCfg = Debug|Any CPU
		{F1AFD4EA-0BF6-4776-A50D-D29A7AF6F408}.Debug|Any CPU.Build.0 = Debug|Any CPU
		{F1AFD4EA-0BF6-4776-A50D-D29A7AF6F408}.Release|Any CPU.ActiveCfg = Release|Any CPU
		{F1AFD4EA-0BF6-4776-A50D-D29A7AF6F408}.Release|Any CPU.Build.0 = Release|Any CPU
		{0EC31E15-A73C-4BA0-A899-7DEF6D210F10}.Debug|Any CPU.ActiveCfg = Debug|Any CPU
		{0EC31E15-A73C-4BA0-A899-7DEF6D210F10}.Debug|Any CPU.Build.0 = Debug|Any CPU
		{0EC31E15-A73C-4BA0-A899-7DEF6D210F10}.Release|Any CPU.ActiveCfg = Release|Any CPU
		{0EC31E15-A73C-4BA0-A899-7DEF6D210F10}.Release|Any CPU.Build.0 = Release|Any CPU
		{7E6BFC88-FF75-43CD-B2F4-4E1647A0EFC0}.Debug|Any CPU.ActiveCfg = Debug|Any CPU
		{7E6BFC88-FF75-43CD-B2F4-4E1647A0EFC0}.Debug|Any CPU.Build.0 = Debug|Any CPU
		{7E6BFC88-FF75-43CD-B2F4-4E1647A0EFC0}.Release|Any CPU.ActiveCfg = Release|Any CPU
		{7E6BFC88-FF75-43CD-B2F4-4E1647A0EFC0}.Release|Any CPU.Build.0 = Release|Any CPU
		{72409C39-5214-4BFC-B3CF-F19735B892C0}.Debug|Any CPU.ActiveCfg = Debug|Any CPU
		{72409C39-5214-4BFC-B3CF-F19735B892C0}.Debug|Any CPU.Build.0 = Debug|Any CPU
		{72409C39-5214-4BFC-B3CF-F19735B892C0}.Release|Any CPU.ActiveCfg = Release|Any CPU
		{72409C39-5214-4BFC-B3CF-F19735B892C0}.Release|Any CPU.Build.0 = Release|Any CPU
	EndGlobalSection
	GlobalSection(SolutionProperties) = preSolution
		HideSolutionNode = FALSE
	EndGlobalSection
	GlobalSection(ExtensibilityGlobals) = postSolution
		SolutionGuid = {219EA532-41EA-47E8-AD17-F46FBF0C35D8}
	EndGlobalSection
EndGlobal
